
Microsoft Visual Studio Solution File, Format Version 12.00
# Visual Studio Version 17
VisualStudioVersion = 17.9.34728.123
MinimumVisualStudioVersion = 10.0.40219.1
Project("{FAE04EC0-301F-11D3-BF4B-00C04F79EFBC}") = "UcenjeCS", "UcenjeCS\UcenjeCS.csproj", "{3BADAD90-3339-42B7-BE38-E4E014F693DD}"
EndProject
Project("{FAE04EC0-301F-11D3-BF4B-00C04F79EFBC}") = "WebAPI", "WebAPI\WebAPI.csproj", "{7EEF0780-A7BF-4B87-A9E8-8D0C06EA88C3}"
EndProject
Global
	GlobalSection(SolutionConfigurationPlatforms) = preSolution
		Debug|Any CPU = Debug|Any CPU
		Release|Any CPU = Release|Any CPU
	EndGlobalSection
	GlobalSection(ProjectConfigurationPlatforms) = postSolution
		{3BADAD90-3339-42B7-BE38-E4E014F693DD}.Debug|Any CPU.ActiveCfg = Debug|Any CPU
		{3BADAD90-3339-42B7-BE38-E4E014F693DD}.Debug|Any CPU.Build.0 = Debug|Any CPU
		{3BADAD90-3339-42B7-BE38-E4E014F693DD}.Release|Any CPU.ActiveCfg = Release|Any CPU
		{3BADAD90-3339-42B7-BE38-E4E014F693DD}.Release|Any CPU.Build.0 = Release|Any CPU
		{7EEF0780-A7BF-4B87-A9E8-8D0C06EA88C3}.Debug|Any CPU.ActiveCfg = Debug|Any CPU
		{7EEF0780-A7BF-4B87-A9E8-8D0C06EA88C3}.Debug|Any CPU.Build.0 = Debug|Any CPU
		{7EEF0780-A7BF-4B87-A9E8-8D0C06EA88C3}.Release|Any CPU.ActiveCfg = Release|Any CPU
		{7EEF0780-A7BF-4B87-A9E8-8D0C06EA88C3}.Release|Any CPU.Build.0 = Release|Any CPU
	EndGlobalSection
	GlobalSection(SolutionProperties) = preSolution
		HideSolutionNode = FALSE
	EndGlobalSection
	GlobalSection(ExtensibilityGlobals) = postSolution
		SolutionGuid = {8C7137C1-D475-452D-993C-ADA5061DC980}
	EndGlobalSection
EndGlobal
